
Microsoft Visual Studio Solution File, Format Version 12.00
# Visual Studio 15
VisualStudioVersion = 15.0.27130.2020
MinimumVisualStudioVersion = 10.0.40219.1
Project("{8BC9CEB8-8B4A-11D0-8D11-00A0C91BC942}") = "serverSocket", "serverSocket\serverSocket.vcxproj", "{98E1458E-038B-4A4A-8F17-1A6586DE4B7D}"
EndProject
Global
	GlobalSection(SolutionConfigurationPlatforms) = preSolution
		Debug|x64 = Debug|x64
		Debug|x86 = Debug|x86
		Release|x64 = Release|x64
		Release|x86 = Release|x86
	EndGlobalSection
	GlobalSection(ProjectConfigurationPlatforms) = postSolution
		{98E1458E-038B-4A4A-8F17-1A6586DE4B7D}.Debug|x64.ActiveCfg = Debug|x64
		{98E1458E-038B-4A4A-8F17-1A6586DE4B7D}.Debug|x64.Build.0 = Debug|x64
		{98E1458E-038B-4A4A-8F17-1A6586DE4B7D}.Debug|x86.ActiveCfg = Debug|Win32
		{98E1458E-038B-4A4A-8F17-1A6586DE4B7D}.Debug|x86.Build.0 = Debug|Win32
		{98E1458E-038B-4A4A-8F17-1A6586DE4B7D}.Release|x64.ActiveCfg = Release|x64
		{98E1458E-038B-4A4A-8F17-1A6586DE4B7D}.Release|x64.Build.0 = Release|x64
		{98E1458E-038B-4A4A-8F17-1A6586DE4B7D}.Release|x86.ActiveCfg = Release|Win32
		{98E1458E-038B-4A4A-8F17-1A6586DE4B7D}.Release|x86.Build.0 = Release|Win32
	EndGlobalSection
	GlobalSection(SolutionProperties) = preSolution
		HideSolutionNode = FALSE
	EndGlobalSection
	GlobalSection(ExtensibilityGlobals) = postSolution
		SolutionGuid = {C21824D8-CB55-49DE-9E1D-C30BFC88E040}
	EndGlobalSection
EndGlobal
